
Microsoft Visual Studio Solution File, Format Version 12.00
# Visual Studio Version 16
VisualStudioVersion = 16.0.31624.102
MinimumVisualStudioVersion = 10.0.40219.1
Project("{FAE04EC0-301F-11D3-BF4B-00C04F79EFBC}") = "Corredora Pampeana", "Corredora Pampeana\Corredora Pampeana.csproj", "{22EA9660-6D1B-469E-915E-1A8B369A97EF}"
EndProject
Project("{FAE04EC0-301F-11D3-BF4B-00C04F79EFBC}") = "Entidades", "Entidades\Entidades.csproj", "{F9504DA6-967C-4A34-9928-20D9E1F7ED59}"
EndProject
Project("{FAE04EC0-301F-11D3-BF4B-00C04F79EFBC}") = "Logica", "Logica\Logica.csproj", "{50373EA9-3070-49B3-87C7-9AC699A030B4}"
EndProject
Project("{FAE04EC0-301F-11D3-BF4B-00C04F79EFBC}") = "Data", "Data\Data.csproj", "{5A2A26A5-83AF-4A22-A02D-CAB0CFBBFC5E}"
EndProject
Global
	GlobalSection(SolutionConfigurationPlatforms) = preSolution
		Debug|Any CPU = Debug|Any CPU
		Release|Any CPU = Release|Any CPU
	EndGlobalSection
	GlobalSection(ProjectConfigurationPlatforms) = postSolution
		{22EA9660-6D1B-469E-915E-1A8B369A97EF}.Debug|Any CPU.ActiveCfg = Debug|Any CPU
		{22EA9660-6D1B-469E-915E-1A8B369A97EF}.Debug|Any CPU.Build.0 = Debug|Any CPU
		{22EA9660-6D1B-469E-915E-1A8B369A97EF}.Release|Any CPU.ActiveCfg = Release|Any CPU
		{22EA9660-6D1B-469E-915E-1A8B369A97EF}.Release|Any CPU.Build.0 = Release|Any CPU
		{F9504DA6-967C-4A34-9928-20D9E1F7ED59}.Debug|Any CPU.ActiveCfg = Debug|Any CPU
		{F9504DA6-967C-4A34-9928-20D9E1F7ED59}.Debug|Any CPU.Build.0 = Debug|Any CPU
		{F9504DA6-967C-4A34-9928-20D9E1F7ED59}.Release|Any CPU.ActiveCfg = Release|Any CPU
		{F9504DA6-967C-4A34-9928-20D9E1F7ED59}.Release|Any CPU.Build.0 = Release|Any CPU
		{50373EA9-3070-49B3-87C7-9AC699A030B4}.Debug|Any CPU.ActiveCfg = Debug|Any CPU
		{50373EA9-3070-49B3-87C7-9AC699A030B4}.Debug|Any CPU.Build.0 = Debug|Any CPU
		{50373EA9-3070-49B3-87C7-9AC699A030B4}.Release|Any CPU.ActiveCfg = Release|Any CPU
		{50373EA9-3070-49B3-87C7-9AC699A030B4}.Release|Any CPU.Build.0 = Release|Any CPU
		{5A2A26A5-83AF-4A22-A02D-CAB0CFBBFC5E}.Debug|Any CPU.ActiveCfg = Debug|Any CPU
		{5A2A26A5-83AF-4A22-A02D-CAB0CFBBFC5E}.Debug|Any CPU.Build.0 = Debug|Any CPU
		{5A2A26A5-83AF-4A22-A02D-CAB0CFBBFC5E}.Release|Any CPU.ActiveCfg = Release|Any CPU
		{5A2A26A5-83AF-4A22-A02D-CAB0CFBBFC5E}.Release|Any CPU.Build.0 = Release|Any CPU
	EndGlobalSection
	GlobalSection(SolutionProperties) = preSolution
		HideSolutionNode = FALSE
	EndGlobalSection
	GlobalSection(ExtensibilityGlobals) = postSolution
		SolutionGuid = {545E5E53-68C8-4D9C-800C-1744654EAEF0}
	EndGlobalSection
EndGlobal
